
Microsoft Visual Studio Solution File, Format Version 12.00
# Visual Studio Version 17
VisualStudioVersion = 17.14.36804.6 d17.14
MinimumVisualStudioVersion = 10.0.40219.1
Project("{FAE04EC0-301F-11D3-BF4B-00C04F79EFBC}") = "Multilingual_Translation", "Multilingual_Translation.csproj", "{53A5AA01-7557-4C0D-AF2A-5699379B0881}"
EndProject
Global
	GlobalSection(SolutionConfigurationPlatforms) = preSolution
		Debug|Any CPU = Debug|Any CPU
		Release|Any CPU = Release|Any CPU
	EndGlobalSection
	GlobalSection(ProjectConfigurationPlatforms) = postSolution
		{53A5AA01-7557-4C0D-AF2A-5699379B0881}.Debug|Any CPU.ActiveCfg = Debug|Any CPU
		{53A5AA01-7557-4C0D-AF2A-5699379B0881}.Debug|Any CPU.Build.0 = Debug|Any CPU
		{53A5AA01-7557-4C0D-AF2A-5699379B0881}.Release|Any CPU.ActiveCfg = Release|Any CPU
		{53A5AA01-7557-4C0D-AF2A-5699379B0881}.Release|Any CPU.Build.0 = Release|Any CPU
	EndGlobalSection
	GlobalSection(SolutionProperties) = preSolution
		HideSolutionNode = FALSE
	EndGlobalSection
	GlobalSection(ExtensibilityGlobals) = postSolution
		SolutionGuid = {FC4C14DF-6030-47AA-AF5A-0E2CA0FC20F2}
	EndGlobalSection
EndGlobal
